PODS:
  - AFNetworking (3.2.1):
    - AFNetworking/NSURLSession (= 3.2.1)
    - AFNetworking/Reachability (= 3.2.1)
    - AFNetworking/Security (= 3.2.1)
    - AFNetworking/Serialization (= 3.2.1)
    - AFNetworking/UIKit (= 3.2.1)
  - AFNetworking/NSURLSession (3.2.1):
    - AFNetworking/Reachability
    - AFNetworking/Security
    - AFNetworking/Serialization
  - AFNetworking/Reachability (3.2.1)
  - AFNetworking/Security (3.2.1)
  - AFNetworking/Serialization (3.2.1)
  - AFNetworking/UIKit (3.2.1):
    - AFNetworking/NSURLSession
  - GPSIndoorLocationProvider (1.0.3):
    - IndoorLocation (= 1.0.4)
  - IndoorLocation (1.0.4)
  - Mapbox-iOS-SDK (4.0.0)
  - MapwizeForMapbox (1.4.2):
    - AFNetworking (= 3.2.1)
    - IndoorLocation (= 1.0.4)
    - Mapbox-iOS-SDK (= 4.0.0)

DEPENDENCIES:
  - GPSIndoorLocationProvider (= 1.0.3)
  - IndoorLocation (= 1.0.4)
  - MapwizeForMapbox (= 1.4.2)

SPEC REPOS:
  https://github.com/cocoapods/specs.git:
    - AFNetworking
    - GPSIndoorLocationProvider
    - IndoorLocation
    - Mapbox-iOS-SDK
    - MapwizeForMapbox

SPEC CHECKSUMS:
  AFNetworking: b6f891fdfaed196b46c7a83cf209e09697b94057
  GPSIndoorLocationProvider: 0b9ed918465865fae7824db5e2dca27d0088bd82
  IndoorLocation: 9812c8c2d499ef25e6146ef90cf23f8d107213a8
  Mapbox-iOS-SDK: 271754e96eb4434ba1b0a8c68432e1ea26fe9841
  MapwizeForMapbox: bcdc612c41bc930117ebf13c60554a6415a2eed1

PODFILE CHECKSUM: b003ccaa8433ab7cbce6330bd4420b85e560b834

COCOAPODS: 1.5.3
